// !$*UTF8*$!
{
	archiveVersion = 1;
	classes = {
	};
	objectVersion = 56;
	objects = {

/* Begin PBXBuildFile section */
		A10001 /* App.swift in Sources */ = {isa = PBXBuildFile; fileRef = B10001; };
		A10002 /* ContentView.swift in Sources */ = {isa = PBXBuildFile; fileRef = B10002; };
		A10003 /* LibClientHub.swift in Sources */ = {isa = PBXBuildFile; fileRef = B10003; };
		A10004 /* AppState.swift in Sources */ = {isa = PBXBuildFile; fileRef = B10004; };
		A10005 /* ConnectionState.swift in Sources */ = {isa = PBXBuildFile; fileRef = B10005; };
		A10006 /* ServerManager.swift in Sources */ = {isa = PBXBuildFile; fileRef = B10006; };
		A10007 /* ClientView.swift in Sources */ = {isa = PBXBuildFile; fileRef = B10007; };
		A10008 /* ServiceListView.swift in Sources */ = {isa = PBXBuildFile; fileRef = B10008; };
		A10009 /* ForwardListView.swift in Sources */ = {isa = PBXBuildFile; fileRef = B10009; };
		A10010 /* ManagerView.swift in Sources */ = {isa = PBXBuildFile; fileRef = B10010; };
		A10011 /* ClientListView.swift in Sources */ = {isa = PBXBuildFile; fileRef = B10011; };
		A10012 /* TunnelListView.swift in Sources */ = {isa = PBXBuildFile; fileRef = B10012; };
		A10013 /* ForwardManagerView.swift in Sources */ = {isa = PBXBuildFile; fileRef = B10013; };
		A10014 /* SettingsView.swift in Sources */ = {isa = PBXBuildFile; fileRef = B10014; };
		A10015 /* Assets.xcassets in Resources */ = {isa = PBXBuildFile; fileRef = B10015; };
		A10016 /* libclienthub.dylib in Frameworks */ = {isa = PBXBuildFile; fileRef = B10016; };
		A10017 /* libclienthub.dylib in CopyFiles */ = {isa = PBXBuildFile; fileRef = B10016; settings = {ATTRIBUTES = (CodeSignOnCopy, ); }; };
/* End PBXBuildFile section */

/* Begin PBXCopyFilesBuildPhase section */
		C90001 /* CopyFiles */ = {
			isa = PBXCopyFilesBuildPhase;
			buildActionMask = 2147483647;
			dstPath = "";
			dstSubfolderSpec = 10;
			files = (
				A10017 /* libclienthub.dylib in CopyFiles */,
			);
			name = "Copy Frameworks";
			runOnlyForDeploymentPostprocessing = 0;
		};
/* End PBXCopyFilesBuildPhase section */

/* Begin PBXFileReference section */
		B10001 /* App.swift */ = {isa = PBXFileReference; lastKnownFileType = sourcecode.swift; path = App.swift; sourceTree = "<group>"; };
		B10002 /* ContentView.swift */ = {isa = PBXFileReference; lastKnownFileType = sourcecode.swift; path = ContentView.swift; sourceTree = "<group>"; };
		B10003 /* LibClientHub.swift */ = {isa = PBXFileReference; lastKnownFileType = sourcecode.swift; path = LibClientHub.swift; sourceTree = "<group>"; };
		B10004 /* AppState.swift */ = {isa = PBXFileReference; lastKnownFileType = sourcecode.swift; path = AppState.swift; sourceTree = "<group>"; };
		B10005 /* ConnectionState.swift */ = {isa = PBXFileReference; lastKnownFileType = sourcecode.swift; path = ConnectionState.swift; sourceTree = "<group>"; };
		B10006 /* ServerManager.swift */ = {isa = PBXFileReference; lastKnownFileType = sourcecode.swift; path = ServerManager.swift; sourceTree = "<group>"; };
		B10007 /* ClientView.swift */ = {isa = PBXFileReference; lastKnownFileType = sourcecode.swift; path = ClientView.swift; sourceTree = "<group>"; };
		B10008 /* ServiceListView.swift */ = {isa = PBXFileReference; lastKnownFileType = sourcecode.swift; path = ServiceListView.swift; sourceTree = "<group>"; };
		B10009 /* ForwardListView.swift */ = {isa = PBXFileReference; lastKnownFileType = sourcecode.swift; path = ForwardListView.swift; sourceTree = "<group>"; };
		B10010 /* ManagerView.swift */ = {isa = PBXFileReference; lastKnownFileType = sourcecode.swift; path = ManagerView.swift; sourceTree = "<group>"; };
		B10011 /* ClientListView.swift */ = {isa = PBXFileReference; lastKnownFileType = sourcecode.swift; path = ClientListView.swift; sourceTree = "<group>"; };
		B10012 /* TunnelListView.swift */ = {isa = PBXFileReference; lastKnownFileType = sourcecode.swift; path = TunnelListView.swift; sourceTree = "<group>"; };
		B10013 /* ForwardManagerView.swift */ = {isa = PBXFileReference; lastKnownFileType = sourcecode.swift; path = ForwardManagerView.swift; sourceTree = "<group>"; };
		B10014 /* SettingsView.swift */ = {isa = PBXFileReference; lastKnownFileType = sourcecode.swift; path = SettingsView.swift; sourceTree = "<group>"; };
		B10015 /* Assets.xcassets */ = {isa = PBXFileReference; lastKnownFileType = folder.assetcatalog; path = Assets.xcassets; sourceTree = "<group>"; };
		B10016 /* libclienthub.dylib */ = {isa = PBXFileReference; lastKnownFileType = "compiled.mach-o.dylib"; name = libclienthub.dylib; path = ClientHub/libclienthub.dylib; sourceTree = "<group>"; };
		B10017 /* libclienthub.h */ = {isa = PBXFileReference; lastKnownFileType = sourcecode.c.h; path = libclienthub.h; sourceTree = "<group>"; };
		B10018 /* module.modulemap */ = {isa = PBXFileReference; lastKnownFileType = "sourcecode.module-map"; path = module.modulemap; sourceTree = "<group>"; };
		B10020 /* ClientHub.app */ = {isa = PBXFileReference; explicitFileType = wrapper.application; includeInIndex = 0; path = ClientHub.app; sourceTree = BUILT_PRODUCTS_DIR; };
/* End PBXFileReference section */

/* Begin PBXFrameworksBuildPhase section */
		F10001 /* Frameworks */ = {
			isa = PBXFrameworksBuildPhase;
			buildActionMask = 2147483647;
			files = (
				A10016 /* libclienthub.dylib in Frameworks */,
			);
			runOnlyForDeploymentPostprocessing = 0;
		};
/* End PBXFrameworksBuildPhase section */

/* Begin PBXGroup section */
		G10001 = {
			isa = PBXGroup;
			children = (
				G10002 /* ClientHub */,
				G10010 /* Products */,
				B10016 /* libclienthub.dylib */,
			);
			sourceTree = "<group>";
		};
		G10002 /* ClientHub */ = {
			isa = PBXGroup;
			children = (
				B10001 /* App.swift */,
				B10003 /* LibClientHub.swift */,
				G10003 /* Models */,
				G10004 /* Views */,
				G10008 /* CLibClientHub */,
				G10009 /* Resources */,
			);
			path = ClientHub;
			sourceTree = "<group>";
		};
		G10003 /* Models */ = {
			isa = PBXGroup;
			children = (
				B10004 /* AppState.swift */,
				B10005 /* ConnectionState.swift */,
				B10006 /* ServerManager.swift */,
			);
			path = Models;
			sourceTree = "<group>";
		};
		G10004 /* Views */ = {
			isa = PBXGroup;
			children = (
				B10002 /* ContentView.swift */,
				B10014 /* SettingsView.swift */,
				G10005 /* ClientTab */,
				G10006 /* ManagerTab */,
			);
			path = Views;
			sourceTree = "<group>";
		};
		G10005 /* ClientTab */ = {
			isa = PBXGroup;
			children = (
				B10007 /* ClientView.swift */,
				B10008 /* ServiceListView.swift */,
				B10009 /* ForwardListView.swift */,
			);
			path = ClientTab;
			sourceTree = "<group>";
		};
		G10006 /* ManagerTab */ = {
			isa = PBXGroup;
			children = (
				B10010 /* ManagerView.swift */,
				B10011 /* ClientListView.swift */,
				B10012 /* TunnelListView.swift */,
				B10013 /* ForwardManagerView.swift */,
			);
			path = ManagerTab;
			sourceTree = "<group>";
		};
		G10008 /* CLibClientHub */ = {
			isa = PBXGroup;
			children = (
				B10017 /* libclienthub.h */,
				B10018 /* module.modulemap */,
			);
			path = CLibClientHub;
			sourceTree = "<group>";
		};
		G10009 /* Resources */ = {
			isa = PBXGroup;
			children = (
				B10015 /* Assets.xcassets */,
			);
			path = Resources;
			sourceTree = "<group>";
		};
		G10010 /* Products */ = {
			isa = PBXGroup;
			children = (
				B10020 /* ClientHub.app */,
			);
			name = Products;
			sourceTree = "<group>";
		};
/* End PBXGroup section */

/* Begin PBXNativeTarget section */
		T10001 /* ClientHub */ = {
			isa = PBXNativeTarget;
			buildConfigurationList = X10003 /* Build configuration list for PBXNativeTarget "ClientHub" */;
			buildPhases = (
				S10001 /* Sources */,
				F10001 /* Frameworks */,
				R10001 /* Resources */,
				C90001 /* CopyFiles */,
			);
			buildRules = (
			);
			dependencies = (
			);
			name = ClientHub;
			productName = ClientHub;
			productReference = B10020 /* ClientHub.app */;
			productType = "com.apple.product-type.application";
		};
/* End PBXNativeTarget section */

/* Begin PBXProject section */
		P10001 /* Project object */ = {
			isa = PBXProject;
			attributes = {
				BuildIndependentTargetsInParallel = 1;
				LastSwiftUpdateCheck = 1540;
				LastUpgradeCheck = 1540;
			};
			buildConfigurationList = X10001 /* Build configuration list for PBXProject "ClientHub" */;
			compatibilityVersion = "Xcode 14.0";
			developmentRegion = en;
			hasScannedForEncodings = 0;
			knownRegions = (
				en,
				Base,
			);
			mainGroup = G10001;
			productRefGroup = G10010 /* Products */;
			projectDirPath = "";
			projectRoot = "";
			targets = (
				T10001 /* ClientHub */,
			);
		};
/* End PBXProject section */

/* Begin PBXResourcesBuildPhase section */
		R10001 /* Resources */ = {
			isa = PBXResourcesBuildPhase;
			buildActionMask = 2147483647;
			files = (
				A10015 /* Assets.xcassets in Resources */,
			);
			runOnlyForDeploymentPostprocessing = 0;
		};
/* End PBXResourcesBuildPhase section */

/* Begin PBXSourcesBuildPhase section */
		S10001 /* Sources */ = {
			isa = PBXSourcesBuildPhase;
			buildActionMask = 2147483647;
			files = (
				A10001 /* App.swift in Sources */,
				A10002 /* ContentView.swift in Sources */,
				A10003 /* LibClientHub.swift in Sources */,
				A10004 /* AppState.swift in Sources */,
				A10005 /* ConnectionState.swift in Sources */,
				A10006 /* ServerManager.swift in Sources */,
				A10007 /* ClientView.swift in Sources */,
				A10008 /* ServiceListView.swift in Sources */,
				A10009 /* ForwardListView.swift in Sources */,
				A10010 /* ManagerView.swift in Sources */,
				A10011 /* ClientListView.swift in Sources */,
				A10012 /* TunnelListView.swift in Sources */,
				A10013 /* ForwardManagerView.swift in Sources */,
				A10014 /* SettingsView.swift in Sources */,
			);
			runOnlyForDeploymentPostprocessing = 0;
		};
/* End PBXSourcesBuildPhase section */

/* Begin XCBuildConfiguration section */
		D10001 /* Debug */ = {
			isa = XCBuildConfiguration;
			buildSettings = {
				ALWAYS_SEARCH_USER_PATHS = NO;
				ASSETCATALOG_COMPILER_GENERATE_SWIFT_ASSET_SYMBOL_EXTENSIONS = YES;
				CLANG_ANALYZER_NONNULL = YES;
				CLANG_CXX_LANGUAGE_STANDARD = "gnu++20";
				CLANG_ENABLE_MODULES = YES;
				CLANG_ENABLE_OBJC_ARC = YES;
				COPY_PHASE_STRIP = NO;
				DEBUG_INFORMATION_FORMAT = dwarf;
				ENABLE_STRICT_OBJC_MSGSEND = YES;
				ENABLE_TESTABILITY = YES;
				GCC_DYNAMIC_NO_PIC = NO;
				GCC_OPTIMIZATION_LEVEL = 0;
				GCC_PREPROCESSOR_DEFINITIONS = (
					"DEBUG=1",
					"$(inherited)",
				);
				GCC_WARN_64_TO_32_BIT_CONVERSION = YES;
				GCC_WARN_ABOUT_RETURN_TYPE = YES_ERROR;
				GCC_WARN_UNINITIALIZED_AUTOS = YES_AGGRESSIVE;
				GCC_WARN_UNUSED_FUNCTION = YES;
				GCC_WARN_UNUSED_VARIABLE = YES;
				MACOSX_DEPLOYMENT_TARGET = 13.0;
				MTL_ENABLE_DEBUG_INFO = INCLUDE_SOURCE;
				MTL_FAST_MATH = YES;
				ONLY_ACTIVE_ARCH = YES;
				SDKROOT = macosx;
				SWIFT_ACTIVE_COMPILATION_CONDITIONS = "$(inherited) DEBUG";
				SWIFT_OPTIMIZATION_LEVEL = "-Onone";
			};
			name = Debug;
		};
		D10002 /* Release */ = {
			isa = XCBuildConfiguration;
			buildSettings = {
				ALWAYS_SEARCH_USER_PATHS = NO;
				ASSETCATALOG_COMPILER_GENERATE_SWIFT_ASSET_SYMBOL_EXTENSIONS = YES;
				CLANG_ANALYZER_NONNULL = YES;
				CLANG_CXX_LANGUAGE_STANDARD = "gnu++20";
				CLANG_ENABLE_MODULES = YES;
				CLANG_ENABLE_OBJC_ARC = YES;
				COPY_PHASE_STRIP = NO;
				DEBUG_INFORMATION_FORMAT = "dwarf-with-dsym";
				ENABLE_NS_ASSERTIONS = NO;
				ENABLE_STRICT_OBJC_MSGSEND = YES;
				GCC_WARN_64_TO_32_BIT_CONVERSION = YES;
				GCC_WARN_ABOUT_RETURN_TYPE = YES_ERROR;
				GCC_WARN_UNINITIALIZED_AUTOS = YES_AGGRESSIVE;
				GCC_WARN_UNUSED_FUNCTION = YES;
				GCC_WARN_UNUSED_VARIABLE = YES;
				MACOSX_DEPLOYMENT_TARGET = 13.0;
				MTL_ENABLE_DEBUG_INFO = NO;
				MTL_FAST_MATH = YES;
				SDKROOT = macosx;
				SWIFT_COMPILATION_MODE = wholemodule;
			};
			name = Release;
		};
		D10003 /* Debug */ = {
			isa = XCBuildConfiguration;
			buildSettings = {
				ASSETCATALOG_COMPILER_APPICON_NAME = AppIcon;
				ASSETCATALOG_COMPILER_GLOBAL_ACCENT_COLOR_NAME = AccentColor;
				CODE_SIGN_ENTITLEMENTS = "";
				"CODE_SIGN_IDENTITY[sdk=macosx*]" = "-";
				CODE_SIGN_STYLE = Automatic;
				COMBINE_HIDPI_IMAGES = YES;
				CURRENT_PROJECT_VERSION = 1;
				DEVELOPMENT_ASSET_PATHS = "";
				ENABLE_HARDENED_RUNTIME = NO;
				GENERATE_INFOPLIST_FILE = YES;
				INFOPLIST_KEY_LSApplicationCategoryType = "public.app-category.utilities";
				INFOPLIST_KEY_NSHumanReadableCopyright = "";
				LD_RUNPATH_SEARCH_PATHS = (
					"$(inherited)",
					"@executable_path/../Frameworks",
				);
				LIBRARY_SEARCH_PATHS = "$(PROJECT_DIR)/ClientHub";
				MARKETING_VERSION = 1.0;
				PRODUCT_BUNDLE_IDENTIFIER = com.cltx.ClientHub;
				PRODUCT_NAME = "$(TARGET_NAME)";
				SWIFT_EMIT_LOC_STRINGS = YES;
				SWIFT_INCLUDE_PATHS = "$(PROJECT_DIR)/ClientHub/CLibClientHub";
				SWIFT_VERSION = 5.0;
			};
			name = Debug;
		};
		D10004 /* Release */ = {
			isa = XCBuildConfiguration;
			buildSettings = {
				ASSETCATALOG_COMPILER_APPICON_NAME = AppIcon;
				ASSETCATALOG_COMPILER_GLOBAL_ACCENT_COLOR_NAME = AccentColor;
				CODE_SIGN_ENTITLEMENTS = "";
				"CODE_SIGN_IDENTITY[sdk=macosx*]" = "-";
				CODE_SIGN_STYLE = Automatic;
				COMBINE_HIDPI_IMAGES = YES;
				CURRENT_PROJECT_VERSION = 1;
				DEVELOPMENT_ASSET_PATHS = "";
				ENABLE_HARDENED_RUNTIME = NO;
				GENERATE_INFOPLIST_FILE = YES;
				INFOPLIST_KEY_LSApplicationCategoryType = "public.app-category.utilities";
				INFOPLIST_KEY_NSHumanReadableCopyright = "";
				LD_RUNPATH_SEARCH_PATHS = (
					"$(inherited)",
					"@executable_path/../Frameworks",
				);
				LIBRARY_SEARCH_PATHS = "$(PROJECT_DIR)/ClientHub";
				MARKETING_VERSION = 1.0;
				PRODUCT_BUNDLE_IDENTIFIER = com.cltx.ClientHub;
				PRODUCT_NAME = "$(TARGET_NAME)";
				SWIFT_EMIT_LOC_STRINGS = YES;
				SWIFT_INCLUDE_PATHS = "$(PROJECT_DIR)/ClientHub/CLibClientHub";
				SWIFT_VERSION = 5.0;
			};
			name = Release;
		};
/* End XCBuildConfiguration section */

/* Begin XCConfigurationList section */
		X10001 /* Build configuration list for PBXProject "ClientHub" */ = {
			isa = XCConfigurationList;
			buildConfigurations = (
				D10001 /* Debug */,
				D10002 /* Release */,
			);
			defaultConfigurationIsVisible = 0;
			defaultConfigurationName = Release;
		};
		X10003 /* Build configuration list for PBXNativeTarget "ClientHub" */ = {
			isa = XCConfigurationList;
			buildConfigurations = (
				D10003 /* Debug */,
				D10004 /* Release */,
			);
			defaultConfigurationIsVisible = 0;
			defaultConfigurationName = Release;
		};
/* End XCConfigurationList section */

	};
	rootObject = P10001 /* Project object */;
}
